{
  "version": 4,
  "terraform_version": "1.9.5",
  "serial": 6,
  "lineage": "5068c9b2-65f8-a034-f0e9-092cec501ca1",
  "outputs": {},
  "resources": [
    {
      "mode": "managed",
      "type": "azurerm_app_service",
      "name": "webapp9849",
      "provider": "provider[\"registry.terraform.io/hashicorp/azurerm\"]",
      "instances": [
        {
          "schema_version": 0,
          "attributes": {
            "app_service_plan_id": "/subscriptions/937ace46-e377-49e6-ba61-916773c4ef78/resourceGroups/terraform_resource_group/providers/Microsoft.Web/serverfarms/example-service-plan",
            "app_settings": {
              "WEBSITE_NODE_DEFAULT_VERSION": "6.9.1"
            },
            "auth_settings": [
              {
                "active_directory": [],
                "additional_login_params": {},
                "allowed_external_redirect_urls": [],
                "default_provider": "",
                "enabled": false,
                "facebook": [],
                "google": [],
                "issuer": "",
                "microsoft": [],
                "runtime_version": "",
                "token_refresh_extension_hours": 0,
                "token_store_enabled": false,
                "twitter": [],
                "unauthenticated_client_action": ""
              }
            ],
            "backup": [],
            "client_affinity_enabled": false,
            "client_cert_enabled": false,
            "client_cert_mode": "Required",
            "connection_string": [],
            "custom_domain_verification_id": "FEA38C554127AF8A4583F017C26580C3CC08934265062D3F5E6E50619BB576E1",
            "default_site_hostname": "webapp9849.azurewebsites.net",
            "enabled": true,
            "https_only": false,
            "id": "/subscriptions/937ace46-e377-49e6-ba61-916773c4ef78/resourceGroups/terraform_resource_group/providers/Microsoft.Web/sites/webapp9849",
            "identity": [],
            "key_vault_reference_identity_id": "SystemAssigned",
            "location": "eastus",
            "logs": [
              {
                "application_logs": [
                  {
                    "azure_blob_storage": [],
                    "file_system_level": "Off"
                  }
                ],
                "detailed_error_messages_enabled": false,
                "failed_request_tracing_enabled": false,
                "http_logs": [
                  {
                    "azure_blob_storage": [],
                    "file_system": []
                  }
                ]
              }
            ],
            "name": "webapp9849",
            "outbound_ip_address_list": [
              "20.83.137.96",
              "20.83.139.207",
              "20.83.139.51",
              "20.83.136.54",
              "20.83.139.209",
              "20.83.139.241",
              "20.119.8.6"
            ],
            "outbound_ip_addresses": "20.83.137.96,20.83.139.207,20.83.139.51,20.83.136.54,20.83.139.209,20.83.139.241,20.119.8.6",
            "possible_outbound_ip_address_list": [
              "20.83.137.96",
              "20.83.139.207",
              "20.83.139.51",
              "20.83.136.54",
              "20.83.139.209",
              "20.83.139.241",
              "20.83.140.11",
              "20.83.140.47",
              "20.83.140.49",
              "20.83.140.50",
              "20.83.140.53",
              "20.83.140.119",
              "20.83.140.136",
              "20.83.140.175",
              "20.83.140.196",
              "20.83.140.250",
              "20.83.141.21",
              "20.83.141.146",
              "20.83.141.220",
              "20.83.142.0",
              "20.83.142.19",
              "20.83.142.36",
              "20.83.142.63",
              "20.83.142.90",
              "20.83.142.114",
              "20.83.142.118",
              "20.83.142.140",
              "20.83.142.201",
              "20.83.143.9",
              "20.83.143.98",
              "20.119.8.6"
            ],
            "possible_outbound_ip_addresses": "20.83.137.96,20.83.139.207,20.83.139.51,20.83.136.54,20.83.139.209,20.83.139.241,20.83.140.11,20.83.140.47,20.83.140.49,20.83.140.50,20.83.140.53,20.83.140.119,20.83.140.136,20.83.140.175,20.83.140.196,20.83.140.250,20.83.141.21,20.83.141.146,20.83.141.220,20.83.142.0,20.83.142.19,20.83.142.36,20.83.142.63,20.83.142.90,20.83.142.114,20.83.142.118,20.83.142.140,20.83.142.201,20.83.143.9,20.83.143.98,20.119.8.6",
            "resource_group_name": "terraform_resource_group",
            "site_config": [
              {
                "acr_use_managed_identity_credentials": false,
                "acr_user_managed_identity_client_id": "",
                "always_on": false,
                "app_command_line": "",
                "auto_swap_slot_name": "",
                "cors": [
                  {
                    "allowed_origins": [],
                    "support_credentials": false
                  }
                ],
                "default_documents": null,
                "dotnet_framework_version": "v4.0",
                "ftps_state": "FtpsOnly",
                "health_check_path": "",
                "http2_enabled": false,
                "ip_restriction": [],
                "java_container": "",
                "java_container_version": "",
                "java_version": "",
                "linux_fx_version": "",
                "local_mysql_enabled": false,
                "managed_pipeline_mode": "Integrated",
                "min_tls_version": "1.2",
                "number_of_workers": 1,
                "php_version": "",
                "python_version": "",
                "remote_debugging_enabled": false,
                "remote_debugging_version": "VS2022",
                "scm_ip_restriction": [],
                "scm_type": "None",
                "scm_use_main_ip_restriction": false,
                "use_32_bit_worker_process": false,
                "vnet_route_all_enabled": false,
                "websockets_enabled": false,
                "windows_fx_version": ""
              }
            ],
            "site_credential": [
              {
                "password": "bJKpJ8dzfmYc15jAFYKg7YdygXNzsaHfbtudBLTRcZyFksKHnGoBTdjhlCbZ",
                "username": "$webapp9849"
              }
            ],
            "source_control": [
              {
                "branch": "master",
                "manual_integration": false,
                "repo_url": "",
                "rollback_enabled": false,
                "use_mercurial": false
              }
            ],
            "storage_account": [],
            "tags": null,
            "timeouts": null
          },
          "sensitive_attributes": [],
          "private": "eyJlMmJmYjczMC1lY2FhLTExZTYtOGY4OC0zNDM2M2JjN2M0YzAiOnsiY3JlYXRlIjoxODAwMDAwMDAwMDAwLCJkZWxldGUiOjE4MDAwMDAwMDAwMDAsInJlYWQiOjMwMDAwMDAwMDAwMCwidXBkYXRlIjoxODAwMDAwMDAwMDAwfX0=",
          "dependencies": [
            "azurerm_app_service_plan.app-service",
            "azurerm_resource_group.rg"
          ]
        }
      ]
    },
    {
      "mode": "managed",
      "type": "azurerm_app_service_plan",
      "name": "app-service",
      "provider": "provider[\"registry.terraform.io/hashicorp/azurerm\"]",
      "instances": [
        {
          "schema_version": 0,
          "attributes": {
            "app_service_environment_id": "",
            "id": "/subscriptions/937ace46-e377-49e6-ba61-916773c4ef78/resourceGroups/terraform_resource_group/providers/Microsoft.Web/serverfarms/example-service-plan",
            "is_xenon": false,
            "kind": "App",
            "location": "eastus",
            "maximum_elastic_worker_count": 1,
            "maximum_number_of_workers": 10,
            "name": "example-service-plan",
            "per_site_scaling": false,
            "reserved": false,
            "resource_group_name": "terraform_resource_group",
            "sku": [
              {
                "capacity": 1,
                "size": "S1",
                "tier": "Standard"
              }
            ],
            "tags": {},
            "timeouts": null,
            "zone_redundant": false
          },
          "sensitive_attributes": [],
          "private": "eyJlMmJmYjczMC1lY2FhLTExZTYtOGY4OC0zNDM2M2JjN2M0YzAiOnsiY3JlYXRlIjozNjAwMDAwMDAwMDAwLCJkZWxldGUiOjM2MDAwMDAwMDAwMDAsInJlYWQiOjMwMDAwMDAwMDAwMCwidXBkYXRlIjozNjAwMDAwMDAwMDAwfX0=",
          "dependencies": [
            "azurerm_resource_group.rg"
          ]
        }
      ]
    },
    {
      "mode": "managed",
      "type": "azurerm_resource_group",
      "name": "rg",
      "provider": "provider[\"registry.terraform.io/hashicorp/azurerm\"]",
      "instances": [
        {
          "schema_version": 0,
          "attributes": {
            "id": "/subscriptions/937ace46-e377-49e6-ba61-916773c4ef78/resourceGroups/terraform_resource_group",
            "location": "eastus",
            "name": "terraform_resource_group",
            "tags": {},
            "timeouts": null
          },
          "sensitive_attributes": [],
          "private": "eyJlMmJmYjczMC1lY2FhLTExZTYtOGY4OC0zNDM2M2JjN2M0YzAiOnsiY3JlYXRlIjo1NDAwMDAwMDAwMDAwLCJkZWxldGUiOjU0MDAwMDAwMDAwMDAsInJlYWQiOjMwMDAwMDAwMDAwMCwidXBkYXRlIjo1NDAwMDAwMDAwMDAwfX0="
        }
      ]
    }
  ],
  "check_results": null
}
